
Microsoft Visual Studio Solution File, Format Version 12.00
# Visual Studio Version 17
VisualStudioVersion = 17.5.002.0
MinimumVisualStudioVersion = 10.0.40219.1
Project("{9A19103F-16F7-4668-BE54-9A1E7A4F7556}") = "FilmOnerme", "FilmOnerme.csproj", "{2451AAAA-013B-4C84-B83B-E0D166E52A5F}"
EndProject
Global
	GlobalSection(SolutionConfigurationPlatforms) = preSolution
		Debug|Any CPU = Debug|Any CPU
		Release|Any CPU = Release|Any CPU
	EndGlobalSection
	GlobalSection(ProjectConfigurationPlatforms) = postSolution
		{2451AAAA-013B-4C84-B83B-E0D166E52A5F}.Debug|Any CPU.ActiveCfg = Debug|Any CPU
		{2451AAAA-013B-4C84-B83B-E0D166E52A5F}.Debug|Any CPU.Build.0 = Debug|Any CPU
		{2451AAAA-013B-4C84-B83B-E0D166E52A5F}.Release|Any CPU.ActiveCfg = Release|Any CPU
		{2451AAAA-013B-4C84-B83B-E0D166E52A5F}.Release|Any CPU.Build.0 = Release|Any CPU
	EndGlobalSection
	GlobalSection(SolutionProperties) = preSolution
		HideSolutionNode = FALSE
	EndGlobalSection
	GlobalSection(ExtensibilityGlobals) = postSolution
		SolutionGuid = {7F9D4C88-13FF-49C9-B6C1-94EDC2E5BA70}
	EndGlobalSection
EndGlobal
